<?xml version="1.0" encoding="utf-8"?>
<Project ToolsVersion="4.0" xmlns="http://schemas.microsoft.com/developer/msbuild/2003">
  <ItemGroup>
    <Filter Include="Source Files">
      <UniqueIdentifier>{4FC737F1-C7A5-4376-A066-2A32D752A2FF}</UniqueIdentifier>
      <Extensions>cpp;c;cc;cxx;def;odl;idl;hpj;bat;asm;asmx</Extensions>
    </Filter>
    <Filter Include="Header Files">
      <UniqueIdentifier>{93995380-89BD-4b04-88EB-625FBE52EBFB}</UniqueIdentifier>
      <Extensions>h;hh;hpp;hxx;hm;inl;inc;xsd</Extensions>
    </Filter>
    <Filter Include="Resource Files">
      <UniqueIdentifier>{67DA6AB6-F800-4c08-8B7A-83BB121AAD01}</UniqueIdentifier>
      <Extensions>rc;ico;cur;bmp;dlg;rc2;rct;bin;rgs;gif;jpg;jpeg;jpe;resx;tiff;tif;png;wav;mfcribbon-ms</Extensions>
    </Filter>
    <Filter Include="Header Files\common">
      <UniqueIdentifier>{46b3d700-5a84-4d0d-9798-7e1729551056}</UniqueIdentifier>
    </Filter>
    <Filter Include="Source Files\common">
      <UniqueIdentifier>{d372ad2f-1758-4b67-b9d6-756271e3f74f}</UniqueIdentifier>
    </Filter>
    <Filter Include="Source Files\shader">
      <UniqueIdentifier>{a986ce02-f82c-45ed-85f4-0d38f96d4c88}</UniqueIdentifier>
    </Filter>
  </ItemGroup>
  <ItemGroup>
    <ClInclude Include="..\common\Color.h">
      <Filter>Header Files\common</Filter>
    </ClInclude>
    <ClInclude Include="..\common\DemoApp.h">
      <Filter>Header Files\common</Filter>
    </ClInclude>
    <ClInclude Include="..\common\FreeCamera.h">
      <Filter>Header Files\common</Filter>
    </ClInclude>
    <ClInclude Include="..\common\MathExtras.h">
      <Filter>Header Files\common</Filter>
    </ClInclude>
    <ClInclude Include="..\common\Matrix.h">
      <Filter>Header Files\common</Filter>
    </ClInclude>
    <ClInclude Include="..\common\Quaternion.h">
      <Filter>Header Files\common</Filter>
    </ClInclude>
    <ClInclude Include="..\common\Vec3.h">
      <Filter>Header Files\common</Filter>
    </ClInclude>
    <ClInclude Include="DrawingMaterialOnlyApp.h">
      <Filter>Header Files</Filter>
    </ClInclude>
    <ClInclude Include="MaterialOnlyShader.h">
      <Filter>Header Files</Filter>
    </ClInclude>
    <ClInclude Include="ShaderUseExampleCube.h">
      <Filter>Header Files</Filter>
    </ClInclude>
    <ClInclude Include="..\common\Transform.h">
      <Filter>Header Files\common</Filter>
    </ClInclude>
    <ClInclude Include="DebugIcosphere.h">
      <Filter>Header Files</Filter>
    </ClInclude>
  </ItemGroup>
  <ItemGroup>
    <ClCompile Include="DrawingMaterialOnlyApp.cc">
      <Filter>Source Files</Filter>
    </ClCompile>
    <ClCompile Include="..\common\Color.cc">
      <Filter>Source Files\common</Filter>
    </ClCompile>
    <ClCompile Include="..\common\DemoApp.cc">
      <Filter>Source Files\common</Filter>
    </ClCompile>
    <ClCompile Include="..\common\FreeCamera.cc">
      <Filter>Source Files\common</Filter>
    </ClCompile>
    <ClCompile Include="..\common\MathExtras.cc">
      <Filter>Source Files\common</Filter>
    </ClCompile>
    <ClCompile Include="..\common\Matrix.cc">
      <Filter>Source Files\common</Filter>
    </ClCompile>
    <ClCompile Include="..\common\Quaternion.cc">
      <Filter>Source Files\common</Filter>
    </ClCompile>
    <ClCompile Include="..\common\Vec3.cc">
      <Filter>Source Files\common</Filter>
    </ClCompile>
    <ClCompile Include="main.cc">
      <Filter>Source Files</Filter>
    </ClCompile>
    <ClCompile Include="..\common\Transform.cc">
      <Filter>Source Files\common</Filter>
    </ClCompile>
    <ClCompile Include="MaterialOnlyShader.cc">
      <Filter>Source Files</Filter>
    </ClCompile>
    <ClCompile Include="DebugIcosphere.cc">
      <Filter>Source Files</Filter>
    </ClCompile>
  </ItemGroup>
  <ItemGroup>
    <FxCompile Include="MaterialOnlyShader.vs.hlsl">
      <Filter>Source Files\shader</Filter>
    </FxCompile>
    <FxCompile Include="MaterialOnlyShader.ps.hlsl">
      <Filter>Source Files\shader</Filter>
    </FxCompile>
  </ItemGroup>
  <ItemGroup>
    <None Include="LightingDefs.hlsli">
      <Filter>Source Files\shader</Filter>
    </None>
  </ItemGroup>
</Project>