<?xml version="1.0" encoding="utf-8"?>
<Project ToolsVersion="4.0" xmlns="http://schemas.microsoft.com/developer/msbuild/2003">
  <ItemGroup>
    <Filter Include="Source Files">
      <UniqueIdentifier>{4FC737F1-C7A5-4376-A066-2A32D752A2FF}</UniqueIdentifier>
      <Extensions>cpp;c;cc;cxx;def;odl;idl;hpj;bat;asm;asmx</Extensions>
    </Filter>
    <Filter Include="Header Files">
      <UniqueIdentifier>{93995380-89BD-4b04-88EB-625FBE52EBFB}</UniqueIdentifier>
      <Extensions>h;hh;hpp;hxx;hm;inl;inc;xsd</Extensions>
    </Filter>
    <Filter Include="Resource Files">
      <UniqueIdentifier>{67DA6AB6-F800-4c08-8B7A-83BB121AAD01}</UniqueIdentifier>
      <Extensions>rc;ico;cur;bmp;dlg;rc2;rct;bin;rgs;gif;jpg;jpeg;jpe;resx;tiff;tif;png;wav;mfcribbon-ms</Extensions>
    </Filter>
    <Filter Include="Header Files\common">
      <UniqueIdentifier>{88ee333d-b202-4163-866c-8c56cc54a759}</UniqueIdentifier>
    </Filter>
    <Filter Include="Source Files\common">
      <UniqueIdentifier>{47fad78b-7156-482e-a2bd-a5bd5ec488a4}</UniqueIdentifier>
    </Filter>
  </ItemGroup>
  <ItemGroup>
    <ClInclude Include="..\common\Color.h">
      <Filter>Header Files\common</Filter>
    </ClInclude>
    <ClInclude Include="..\common\DemoApp.h">
      <Filter>Header Files\common</Filter>
    </ClInclude>
    <ClInclude Include="..\common\FreeCamera.h">
      <Filter>Header Files\common</Filter>
    </ClInclude>
    <ClInclude Include="..\common\MathExtras.h">
      <Filter>Header Files\common</Filter>
    </ClInclude>
    <ClInclude Include="..\common\Matrix.h">
      <Filter>Header Files\common</Filter>
    </ClInclude>
    <ClInclude Include="..\common\Quaternion.h">
      <Filter>Header Files\common</Filter>
    </ClInclude>
    <ClInclude Include="..\common\Transform.h">
      <Filter>Header Files\common</Filter>
    </ClInclude>
    <ClInclude Include="..\common\Vec3.h">
      <Filter>Header Files\common</Filter>
    </ClInclude>
    <ClInclude Include="UVTexturedDemo.h">
      <Filter>Header Files</Filter>
    </ClInclude>
    <ClInclude Include="AssimpRoadModel.h">
      <Filter>Header Files</Filter>
    </ClInclude>
    <ClInclude Include="DebugIcosphere.h">
      <Filter>Header Files</Filter>
    </ClInclude>
    <ClInclude Include="MaterialOnlyShader.h">
      <Filter>Header Files</Filter>
    </ClInclude>
  </ItemGroup>
  <ItemGroup>
    <ClCompile Include="..\common\Color.cc">
      <Filter>Source Files\common</Filter>
    </ClCompile>
    <ClCompile Include="..\common\DemoApp.cc">
      <Filter>Source Files\common</Filter>
    </ClCompile>
    <ClCompile Include="..\common\FreeCamera.cc">
      <Filter>Source Files\common</Filter>
    </ClCompile>
    <ClCompile Include="..\common\MathExtras.cc">
      <Filter>Source Files\common</Filter>
    </ClCompile>
    <ClCompile Include="..\common\Matrix.cc">
      <Filter>Source Files\common</Filter>
    </ClCompile>
    <ClCompile Include="..\common\Quaternion.cc">
      <Filter>Source Files\common</Filter>
    </ClCompile>
    <ClCompile Include="..\common\Transform.cc">
      <Filter>Source Files\common</Filter>
    </ClCompile>
    <ClCompile Include="..\common\Vec3.cc">
      <Filter>Source Files\common</Filter>
    </ClCompile>
    <ClCompile Include="AssimpRoadModel.cc">
      <Filter>Source Files</Filter>
    </ClCompile>
    <ClCompile Include="DebugIcosphere.cc">
      <Filter>Source Files</Filter>
    </ClCompile>
    <ClCompile Include="main.cc">
      <Filter>Source Files</Filter>
    </ClCompile>
    <ClCompile Include="MaterialOnlyShader.cc">
      <Filter>Source Files</Filter>
    </ClCompile>
    <ClCompile Include="UVTexturedDemo.cc">
      <Filter>Source Files</Filter>
    </ClCompile>
  </ItemGroup>
</Project>